186623831038933532593964147086683021045926122374372713964842059443665458381877854991999159423362693780318232252425630317120551707223829433285078252970671692164688290925921146376197935025036147272749857241522014154178233671730471457678964194886110941951824089647106772075649888705206655385573475918165585180702211847437377105177456929629788061581356857008957246494983734589849397